{
  "name": "@akshitbatra/npm-package-test",
  "version": "1.0.0",
  "lockfileVersion": 3,
  "requires": true,
  "packages": {
    "": {
      "name": "@akshitbatra/npm-package-test",
      "version": "1.0.0",
      "license": "ISC",
      "dependencies": {
        "@akshitbatra/npm-package-test": "^1.0.0"
      }
    },
    "node_modules/@akshitbatra/npm-package-test": {
      "version": "1.0.0",
      "resolved": "https://npm.pkg.github.com/download/@akshitbatra/npm-package-test/1.0.0/d3cea5d522be726e29320bff0e63df6797afaabe",
      "integrity": "sha512-TDghx6BPLjVmLGOgl7LhAyD7Rr/CmybgyMKAFecU+HjHGh/HjYCxplsWXRQZ72zKa6kKVy2nq0vqx3O0tNN0dg==",
      "license": "ISC"
    }
  }
}
